{
  "requires": true,
  "lockfileVersion": 1,
  "dependencies": {
    "axios": {
      "version": "0.20.0",
      "resolved": "https://registry.npm.taobao.org/axios/download/axios-0.20.0.tgz?cache=0&sync_timestamp=1597979584536&other_urls=https%3A%2F%2Fregistry.npm.taobao.org%2Faxios%2Fdownload%2Faxios-0.20.0.tgz",
      "integrity": "sha1-BXujDwSIRpSZOozQf6OUz/EcUL0=",
      "requires": {
        "follow-redirects": "^1.10.0"
      }
    },
    "follow-redirects": {
      "version": "1.13.0",
      "resolved": "https://registry.npm.taobao.org/follow-redirects/download/follow-redirects-1.13.0.tgz?cache=0&sync_timestamp=1597057976909&other_urls=https%3A%2F%2Fregistry.npm.taobao.org%2Ffollow-redirects%2Fdownload%2Ffollow-redirects-1.13.0.tgz",
      "integrity": "sha1-tC6Nk6Kn7qXtiGM2dtZZe8jjhNs="
    },
    "moment": {
      "version": "2.27.0",
      "resolved": "https://registry.npm.taobao.org/moment/download/moment-2.27.0.tgz",
      "integrity": "sha1-i/9OPiaiNiIN/j423nVrbrqgEF0="
    },
    "pubsub-js": {
      "version": "1.9.0",
      "resolved": "https://registry.npm.taobao.org/pubsub-js/download/pubsub-js-1.9.0.tgz",
      "integrity": "sha1-+hneQ39BIh6Vtr1NxMdFsluSwKs="
    },
    "vue-router": {
      "version": "3.4.3",
      "resolved": "https://registry.npm.taobao.org/vue-router/download/vue-router-3.4.3.tgz?cache=0&other_urls=https%3A%2F%2Fregistry.npm.taobao.org%2Fvue-router%2Fdownload%2Fvue-router-3.4.3.tgz",
      "integrity": "sha1-+pN2hhbuM4qhdPFgrJZRZ/pXL/o="
    },
    "vuex": {
      "version": "3.5.1",
      "resolved": "https://registry.npm.taobao.org/vuex/download/vuex-3.5.1.tgz",
      "integrity": "sha1-8bjc6mSbwlJUz09DWAgdv12hiz0="
    }
  }
}
